// !$*UTF8*$!
{
	archiveVersion = 1;
	classes = {
	};
	objectVersion = 46;
	objects = {

/* Begin PBXBuildFile section */
		DC020CA219034DA700A5C34F /* Cocoa.framework in Frameworks */ = {isa = PBXBuildFile; fileRef = DC020CA119034DA700A5C34F /* Cocoa.framework */; };
		DC020CAC19034DA700A5C34F /* InfoPlist.strings in Resources */ = {isa = PBXBuildFile; fileRef = DC020CAA19034DA700A5C34F /* InfoPlist.strings */; };
		DC020CAE19034DA700A5C34F /* main.m in Sources */ = {isa = PBXBuildFile; fileRef = DC020CAD19034DA700A5C34F /* main.m */; };
		DC020CB219034DA700A5C34F /* Credits.rtf in Resources */ = {isa = PBXBuildFile; fileRef = DC020CB019034DA700A5C34F /* Credits.rtf */; };
		DC020CB519034DA700A5C34F /* AppDelegate.m in Sources */ = {isa = PBXBuildFile; fileRef = DC020CB419034DA700A5C34F /* AppDelegate.m */; };
		DC020CB819034DA700A5C34F /* MainMenu.xib in Resources */ = {isa = PBXBuildFile; fileRef = DC020CB619034DA700A5C34F /* MainMenu.xib */; };
		DC020CBA19034DA700A5C34F /* Images.xcassets in Resources */ = {isa = PBXBuildFile; fileRef = DC020CB919034DA700A5C34F /* Images.xcassets */; };
		DC020CC119034DA700A5C34F /* XCTest.framework in Frameworks */ = {isa = PBXBuildFile; fileRef = DC020CC019034DA700A5C34F /* XCTest.framework */; };
		DC020CC219034DA700A5C34F /* Cocoa.framework in Frameworks */ = {isa = PBXBuildFile; fileRef = DC020CA119034DA700A5C34F /* Cocoa.framework */; };
		DC020CCA19034DA700A5C34F /* InfoPlist.strings in Resources */ = {isa = PBXBuildFile; fileRef = DC020CC819034DA700A5C34F /* InfoPlist.strings */; };
		DC020CCC19034DA700A5C34F /* METTests.m in Sources */ = {isa = PBXBuildFile; fileRef = DC020CCB19034DA700A5C34F /* METTests.m */; };
/* End PBXBuildFile section */

/* Begin PBXContainerItemProxy section */
		DC020CC319034DA700A5C34F /* PBXContainerItemProxy */ = {
			isa = PBXContainerItemProxy;
			containerPortal = DC020C9619034DA700A5C34F /* Project object */;
			proxyType = 1;
			remoteGlobalIDString = DC020C9D19034DA700A5C34F;
			remoteInfo = MET;
		};
/* End PBXContainerItemProxy section */

/* Begin PBXFileReference section */
		DC020C9E19034DA700A5C34F /* MET.app */ = {isa = PBXFileReference; explicitFileType = wrapper.application; includeInIndex = 0; path = MET.app; sourceTree = BUILT_PRODUCTS_DIR; };
		DC020CA119034DA700A5C34F /* Cocoa.framework */ = {isa = PBXFileReference; lastKnownFileType = wrapper.framework; name = Cocoa.framework; path = System/Library/Frameworks/Cocoa.framework; sourceTree = SDKROOT; };
		DC020CA419034DA700A5C34F /* AppKit.framework */ = {isa = PBXFileReference; lastKnownFileType = wrapper.framework; name = AppKit.framework; path = System/Library/Frameworks/AppKit.framework; sourceTree = SDKROOT; };
		DC020CA519034DA700A5C34F /* CoreData.framework */ = {isa = PBXFileReference; lastKnownFileType = wrapper.framework; name = CoreData.framework; path = System/Library/Frameworks/CoreData.framework; sourceTree = SDKROOT; };
		DC020CA619034DA700A5C34F /* Foundation.framework */ = {isa = PBXFileReference; lastKnownFileType = wrapper.framework; name = Foundation.framework; path = System/Library/Frameworks/Foundation.framework; sourceTree = SDKROOT; };
		DC020CA919034DA700A5C34F /* MET-Info.plist */ = {isa = PBXFileReference; lastKnownFileType = text.plist.xml; path = "MET-Info.plist"; sourceTree = "<group>"; };
		DC020CAB19034DA700A5C34F /* en */ = {isa = PBXFileReference; lastKnownFileType = text.plist.strings; name = en; path = en.lproj/InfoPlist.strings; sourceTree = "<group>"; };
		DC020CAD19034DA700A5C34F /* main.m */ = {isa = PBXFileReference; lastKnownFileType = sourcecode.c.objc; path = main.m; sourceTree = "<group>"; };
		DC020CAF19034DA700A5C34F /* MET-Prefix.pch */ = {isa = PBXFileReference; lastKnownFileType = sourcecode.c.h; path = "MET-Prefix.pch"; sourceTree = "<group>"; };
		DC020CB119034DA700A5C34F /* en */ = {isa = PBXFileReference; lastKnownFileType = text.rtf; name = en; path = en.lproj/Credits.rtf; sourceTree = "<group>"; };
		DC020CB319034DA700A5C34F /* AppDelegate.h */ = {isa = PBXFileReference; lastKnownFileType = sourcecode.c.h; path = AppDelegate.h; sourceTree = "<group>"; };
		DC020CB419034DA700A5C34F /* AppDelegate.m */ = {isa = PBXFileReference; lastKnownFileType = sourcecode.c.objc; path = AppDelegate.m; sourceTree = "<group>"; };
		DC020CB719034DA700A5C34F /* Base */ = {isa = PBXFileReference; lastKnownFileType = file.xib; name = Base; path = Base.lproj/MainMenu.xib; sourceTree = "<group>"; };
		DC020CB919034DA700A5C34F /* Images.xcassets */ = {isa = PBXFileReference; lastKnownFileType = folder.assetcatalog; path = Images.xcassets; sourceTree = "<group>"; };
		DC020CBF19034DA700A5C34F /* METTests.xctest */ = {isa = PBXFileReference; explicitFileType = wrapper.cfbundle; includeInIndex = 0; path = METTests.xctest; sourceTree = BUILT_PRODUCTS_DIR; };
		DC020CC019034DA700A5C34F /* XCTest.framework */ = {isa = PBXFileReference; lastKnownFileType = wrapper.framework; name = XCTest.framework; path = Library/Frameworks/XCTest.framework; sourceTree = DEVELOPER_DIR; };
		DC020CC719034DA700A5C34F /* METTests-Info.plist */ = {isa = PBXFileReference; lastKnownFileType = text.plist.xml; path = "METTests-Info.plist"; sourceTree = "<group>"; };
		DC020CC919034DA700A5C34F /* en */ = {isa = PBXFileReference; lastKnownFileType = text.plist.strings; name = en; path = en.lproj/InfoPlist.strings; sourceTree = "<group>"; };
		DC020CCB19034DA700A5C34F /* METTests.m */ = {isa = PBXFileReference; lastKnownFileType = sourcecode.c.objc; path = METTests.m; sourceTree = "<group>"; };
/* End PBXFileReference section */

/* Begin PBXFrameworksBuildPhase section */
		DC020C9B19034DA700A5C34F /* Frameworks */ = {
			isa = PBXFrameworksBuildPhase;
			buildActionMask = 2147483647;
			files = (
				DC020CA219034DA700A5C34F /* Cocoa.framework in Frameworks */,
			);
			runOnlyForDeploymentPostprocessing = 0;
		};
		DC020CBC19034DA700A5C34F /* Frameworks */ = {
			isa = PBXFrameworksBuildPhase;
			buildActionMask = 2147483647;
			files = (
				DC020CC219034DA700A5C34F /* Cocoa.framework in Frameworks */,
				DC020CC119034DA700A5C34F /* XCTest.framework in Frameworks */,
			);
			runOnlyForDeploymentPostprocessing = 0;
		};
/* End PBXFrameworksBuildPhase section */

/* Begin PBXGroup section */
		DC020C9519034DA700A5C34F = {
			isa = PBXGroup;
			children = (
				DC020CA719034DA700A5C34F /* MET */,
				DC020CC519034DA700A5C34F /* METTests */,
				DC020CA019034DA700A5C34F /* Frameworks */,
				DC020C9F19034DA700A5C34F /* Products */,
			);
			sourceTree = "<group>";
		};
		DC020C9F19034DA700A5C34F /* Products */ = {
			isa = PBXGroup;
			children = (
				DC020C9E19034DA700A5C34F /* MET.app */,
				DC020CBF19034DA700A5C34F /* METTests.xctest */,
			);
			name = Products;
			sourceTree = "<group>";
		};
		DC020CA019034DA700A5C34F /* Frameworks */ = {
			isa = PBXGroup;
			children = (
				DC020CA119034DA700A5C34F /* Cocoa.framework */,
				DC020CC019034DA700A5C34F /* XCTest.framework */,
				DC020CA319034DA700A5C34F /* Other Frameworks */,
			);
			name = Frameworks;
			sourceTree = "<group>";
		};
		DC020CA319034DA700A5C34F /* Other Frameworks */ = {
			isa = PBXGroup;
			children = (
				DC020CA419034DA700A5C34F /* AppKit.framework */,
				DC020CA519034DA700A5C34F /* CoreData.framework */,
				DC020CA619034DA700A5C34F /* Foundation.framework */,
			);
			name = "Other Frameworks";
			sourceTree = "<group>";
		};
		DC020CA719034DA700A5C34F /* MET */ = {
			isa = PBXGroup;
			children = (
				DC020CB319034DA700A5C34F /* AppDelegate.h */,
				DC020CB419034DA700A5C34F /* AppDelegate.m */,
				DC020CB619034DA700A5C34F /* MainMenu.xib */,
				DC020CB919034DA700A5C34F /* Images.xcassets */,
				DC020CA819034DA700A5C34F /* Supporting Files */,
			);
			path = MET;
			sourceTree = "<group>";
		};
		DC020CA819034DA700A5C34F /* Supporting Files */ = {
			isa = PBXGroup;
			children = (
				DC020CA919034DA700A5C34F /* MET-Info.plist */,
				DC020CAA19034DA700A5C34F /* InfoPlist.strings */,
				DC020CAD19034DA700A5C34F /* main.m */,
				DC020CAF19034DA700A5C34F /* MET-Prefix.pch */,
				DC020CB019034DA700A5C34F /* Credits.rtf */,
			);
			name = "Supporting Files";
			sourceTree = "<group>";
		};
		DC020CC519034DA700A5C34F /* METTests */ = {
			isa = PBXGroup;
			children = (
				DC020CCB19034DA700A5C34F /* METTests.m */,
				DC020CC619034DA700A5C34F /* Supporting Files */,
			);
			path = METTests;
			sourceTree = "<group>";
		};
		DC020CC619034DA700A5C34F /* Supporting Files */ = {
			isa = PBXGroup;
			children = (
				DC020CC719034DA700A5C34F /* METTests-Info.plist */,
				DC020CC819034DA700A5C34F /* InfoPlist.strings */,
			);
			name = "Supporting Files";
			sourceTree = "<group>";
		};
/* End PBXGroup section */

/* Begin PBXNativeTarget section */
		DC020C9D19034DA700A5C34F /* MET */ = {
			isa = PBXNativeTarget;
			buildConfigurationList = DC020CCF19034DA700A5C34F /* Build configuration list for PBXNativeTarget "MET" */;
			buildPhases = (
				DC020C9A19034DA700A5C34F /* Sources */,
				DC020C9B19034DA700A5C34F /* Frameworks */,
				DC020C9C19034DA700A5C34F /* Resources */,
			);
			buildRules = (
			);
			dependencies = (
			);
			name = MET;
			productName = MET;
			productReference = DC020C9E19034DA700A5C34F /* MET.app */;
			productType = "com.apple.product-type.application";
		};
		DC020CBE19034DA700A5C34F /* METTests */ = {
			isa = PBXNativeTarget;
			buildConfigurationList = DC020CD219034DA700A5C34F /* Build configuration list for PBXNativeTarget "METTests" */;
			buildPhases = (
				DC020CBB19034DA700A5C34F /* Sources */,
				DC020CBC19034DA700A5C34F /* Frameworks */,
				DC020CBD19034DA700A5C34F /* Resources */,
			);
			buildRules = (
			);
			dependencies = (
				DC020CC419034DA700A5C34F /* PBXTargetDependency */,
			);
			name = METTests;
			productName = METTests;
			productReference = DC020CBF19034DA700A5C34F /* METTests.xctest */;
			productType = "com.apple.product-type.bundle.unit-test";
		};
/* End PBXNativeTarget section */

/* Begin PBXProject section */
		DC020C9619034DA700A5C34F /* Project object */ = {
			isa = PBXProject;
			attributes = {
				LastUpgradeCheck = 0510;
				ORGANIZATIONNAME = "My Endurance Trainer (MET)";
				TargetAttributes = {
					DC020CBE19034DA700A5C34F = {
						TestTargetID = DC020C9D19034DA700A5C34F;
					};
				};
			};
			buildConfigurationList = DC020C9919034DA700A5C34F /* Build configuration list for PBXProject "MET" */;
			compatibilityVersion = "Xcode 3.2";
			developmentRegion = English;
			hasScannedForEncodings = 0;
			knownRegions = (
				en,
				Base,
			);
			mainGroup = DC020C9519034DA700A5C34F;
			productRefGroup = DC020C9F19034DA700A5C34F /* Products */;
			projectDirPath = "";
			projectRoot = "";
			targets = (
				DC020C9D19034DA700A5C34F /* MET */,
				DC020CBE19034DA700A5C34F /* METTests */,
			);
		};
/* End PBXProject section */

/* Begin PBXResourcesBuildPhase section */
		DC020C9C19034DA700A5C34F /* Resources */ = {
			isa = PBXResourcesBuildPhase;
			buildActionMask = 2147483647;
			files = (
				DC020CAC19034DA700A5C34F /* InfoPlist.strings in Resources */,
				DC020CBA19034DA700A5C34F /* Images.xcassets in Resources */,
				DC020CB219034DA700A5C34F /* Credits.rtf in Resources */,
				DC020CB819034DA700A5C34F /* MainMenu.xib in Resources */,
			);
			runOnlyForDeploymentPostprocessing = 0;
		};
		DC020CBD19034DA700A5C34F /* Resources */ = {
			isa = PBXResourcesBuildPhase;
			buildActionMask = 2147483647;
			files = (
				DC020CCA19034DA700A5C34F /* InfoPlist.strings in Resources */,
			);
			runOnlyForDeploymentPostprocessing = 0;
		};
/* End PBXResourcesBuildPhase section */

/* Begin PBXSourcesBuildPhase section */
		DC020C9A19034DA700A5C34F /* Sources */ = {
			isa = PBXSourcesBuildPhase;
			buildActionMask = 2147483647;
			files = (
				DC020CB519034DA700A5C34F /* AppDelegate.m in Sources */,
				DC020CAE19034DA700A5C34F /* main.m in Sources */,
			);
			runOnlyForDeploymentPostprocessing = 0;
		};
		DC020CBB19034DA700A5C34F /* Sources */ = {
			isa = PBXSourcesBuildPhase;
			buildActionMask = 2147483647;
			files = (
				DC020CCC19034DA700A5C34F /* METTests.m in Sources */,
			);
			runOnlyForDeploymentPostprocessing = 0;
		};
/* End PBXSourcesBuildPhase section */

/* Begin PBXTargetDependency section */
		DC020CC419034DA700A5C34F /* PBXTargetDependency */ = {
			isa = PBXTargetDependency;
			target = DC020C9D19034DA700A5C34F /* MET */;
			targetProxy = DC020CC319034DA700A5C34F /* PBXContainerItemProxy */;
		};
/* End PBXTargetDependency section */

/* Begin PBXVariantGroup section */
		DC020CAA19034DA700A5C34F /* InfoPlist.strings */ = {
			isa = PBXVariantGroup;
			children = (
				DC020CAB19034DA700A5C34F /* en */,
			);
			name = InfoPlist.strings;
			sourceTree = "<group>";
		};
		DC020CB019034DA700A5C34F /* Credits.rtf */ = {
			isa = PBXVariantGroup;
			children = (
				DC020CB119034DA700A5C34F /* en */,
			);
			name = Credits.rtf;
			sourceTree = "<group>";
		};
		DC020CB619034DA700A5C34F /* MainMenu.xib */ = {
			isa = PBXVariantGroup;
			children = (
				DC020CB719034DA700A5C34F /* Base */,
			);
			name = MainMenu.xib;
			sourceTree = "<group>";
		};
		DC020CC819034DA700A5C34F /* InfoPlist.strings */ = {
			isa = PBXVariantGroup;
			children = (
				DC020CC919034DA700A5C34F /* en */,
			);
			name = InfoPlist.strings;
			sourceTree = "<group>";
		};
/* End PBXVariantGroup section */

/* Begin XCBuildConfiguration section */
		DC020CCD19034DA700A5C34F /* Debug */ = {
			isa = XCBuildConfiguration;
			buildSettings = {
				ALWAYS_SEARCH_USER_PATHS = NO;
				CLANG_CXX_LANGUAGE_STANDARD = "gnu++0x";
				CLANG_CXX_LIBRARY = "libc++";
				CLANG_ENABLE_MODULES = YES;
				CLANG_ENABLE_OBJC_ARC = YES;
				CLANG_WARN_BOOL_CONVERSION = YES;
				CLANG_WARN_CONSTANT_CONVERSION = YES;
				CLANG_WARN_DIRECT_OBJC_ISA_USAGE = YES_ERROR;
				CLANG_WARN_EMPTY_BODY = YES;
				CLANG_WARN_ENUM_CONVERSION = YES;
				CLANG_WARN_INT_CONVERSION = YES;
				CLANG_WARN_OBJC_ROOT_CLASS = YES_ERROR;
				CLANG_WARN__DUPLICATE_METHOD_MATCH = YES;
				COPY_PHASE_STRIP = NO;
				GCC_C_LANGUAGE_STANDARD = gnu99;
				GCC_DYNAMIC_NO_PIC = NO;
				GCC_ENABLE_OBJC_EXCEPTIONS = YES;
				GCC_OPTIMIZATION_LEVEL = 0;
				GCC_PREPROCESSOR_DEFINITIONS = (
					"DEBUG=1",
					"$(inherited)",
				);
				GCC_SYMBOLS_PRIVATE_EXTERN = NO;
				GCC_WARN_64_TO_32_BIT_CONVERSION = YES;
				GCC_WARN_ABOUT_RETURN_TYPE = YES_ERROR;
				GCC_WARN_UNDECLARED_SELECTOR = YES;
				GCC_WARN_UNINITIALIZED_AUTOS = YES_AGGRESSIVE;
				GCC_WARN_UNUSED_FUNCTION = YES;
				GCC_WARN_UNUSED_VARIABLE = YES;
				MACOSX_DEPLOYMENT_TARGET = 10.9;
				ONLY_ACTIVE_ARCH = YES;
				SDKROOT = macosx;
			};
			name = Debug;
		};
		DC020CCE19034DA700A5C34F /* Release */ = {
			isa = XCBuildConfiguration;
			buildSettings = {
				ALWAYS_SEARCH_USER_PATHS = NO;
				CLANG_CXX_LANGUAGE_STANDARD = "gnu++0x";
				CLANG_CXX_LIBRARY = "libc++";
				CLANG_ENABLE_MODULES = YES;
				CLANG_ENABLE_OBJC_ARC = YES;
				CLANG_WARN_BOOL_CONVERSION = YES;
				CLANG_WARN_CONSTANT_CONVERSION = YES;
				CLANG_WARN_DIRECT_OBJC_ISA_USAGE = YES_ERROR;
				CLANG_WARN_EMPTY_BODY = YES;
				CLANG_WARN_ENUM_CONVERSION = YES;
				CLANG_WARN_INT_CONVERSION = YES;
				CLANG_WARN_OBJC_ROOT_CLASS = YES_ERROR;
				CLANG_WARN__DUPLICATE_METHOD_MATCH = YES;
				COPY_PHASE_STRIP = YES;
				DEBUG_INFORMATION_FORMAT = "dwarf-with-dsym";
				ENABLE_NS_ASSERTIONS = NO;
				GCC_C_LANGUAGE_STANDARD = gnu99;
				GCC_ENABLE_OBJC_EXCEPTIONS = YES;
				GCC_WARN_64_TO_32_BIT_CONVERSION = YES;
				GCC_WARN_ABOUT_RETURN_TYPE = YES_ERROR;
				GCC_WARN_UNDECLARED_SELECTOR = YES;
				GCC_WARN_UNINITIALIZED_AUTOS = YES_AGGRESSIVE;
				GCC_WARN_UNUSED_FUNCTION = YES;
				GCC_WARN_UNUSED_VARIABLE = YES;
				MACOSX_DEPLOYMENT_TARGET = 10.9;
				SDKROOT = macosx;
			};
			name = Release;
		};
		DC020CD019034DA700A5C34F /* Debug */ = {
			isa = XCBuildConfiguration;
			buildSettings = {
				ASSETCATALOG_COMPILER_APPICON_NAME = AppIcon;
				COMBINE_HIDPI_IMAGES = YES;
				GCC_PRECOMPILE_PREFIX_HEADER = YES;
				GCC_PREFIX_HEADER = "MET/MET-Prefix.pch";
				INFOPLIST_FILE = "MET/MET-Info.plist";
				PRODUCT_NAME = "$(TARGET_NAME)";
				WRAPPER_EXTENSION = app;
			};
			name = Debug;
		};
		DC020CD119034DA700A5C34F /* Release */ = {
			isa = XCBuildConfiguration;
			buildSettings = {
				ASSETCATALOG_COMPILER_APPICON_NAME = AppIcon;
				COMBINE_HIDPI_IMAGES = YES;
				GCC_PRECOMPILE_PREFIX_HEADER = YES;
				GCC_PREFIX_HEADER = "MET/MET-Prefix.pch";
				INFOPLIST_FILE = "MET/MET-Info.plist";
				PRODUCT_NAME = "$(TARGET_NAME)";
				WRAPPER_EXTENSION = app;
			};
			name = Release;
		};
		DC020CD319034DA700A5C34F /* Debug */ = {
			isa = XCBuildConfiguration;
			buildSettings = {
				BUNDLE_LOADER = "$(BUILT_PRODUCTS_DIR)/MET.app/Contents/MacOS/MET";
				COMBINE_HIDPI_IMAGES = YES;
				FRAMEWORK_SEARCH_PATHS = (
					"$(DEVELOPER_FRAMEWORKS_DIR)",
					"$(inherited)",
				);
				GCC_PRECOMPILE_PREFIX_HEADER = YES;
				GCC_PREFIX_HEADER = "MET/MET-Prefix.pch";
				GCC_PREPROCESSOR_DEFINITIONS = (
					"DEBUG=1",
					"$(inherited)",
				);
				INFOPLIST_FILE = "METTests/METTests-Info.plist";
				PRODUCT_NAME = "$(TARGET_NAME)";
				TEST_HOST = "$(BUNDLE_LOADER)";
				WRAPPER_EXTENSION = xctest;
			};
			name = Debug;
		};
		DC020CD419034DA700A5C34F /* Release */ = {
			isa = XCBuildConfiguration;
			buildSettings = {
				BUNDLE_LOADER = "$(BUILT_PRODUCTS_DIR)/MET.app/Contents/MacOS/MET";
				COMBINE_HIDPI_IMAGES = YES;
				FRAMEWORK_SEARCH_PATHS = (
					"$(DEVELOPER_FRAMEWORKS_DIR)",
					"$(inherited)",
				);
				GCC_PRECOMPILE_PREFIX_HEADER = YES;
				GCC_PREFIX_HEADER = "MET/MET-Prefix.pch";
				INFOPLIST_FILE = "METTests/METTests-Info.plist";
				PRODUCT_NAME = "$(TARGET_NAME)";
				TEST_HOST = "$(BUNDLE_LOADER)";
				WRAPPER_EXTENSION = xctest;
			};
			name = Release;
		};
/* End XCBuildConfiguration section */

/* Begin XCConfigurationList section */
		DC020C9919034DA700A5C34F /* Build configuration list for PBXProject "MET" */ = {
			isa = XCConfigurationList;
			buildConfigurations = (
				DC020CCD19034DA700A5C34F /* Debug */,
				DC020CCE19034DA700A5C34F /* Release */,
			);
			defaultConfigurationIsVisible = 0;
			defaultConfigurationName = Release;
		};
		DC020CCF19034DA700A5C34F /* Build configuration list for PBXNativeTarget "MET" */ = {
			isa = XCConfigurationList;
			buildConfigurations = (
				DC020CD019034DA700A5C34F /* Debug */,
				DC020CD119034DA700A5C34F /* Release */,
			);
			defaultConfigurationIsVisible = 0;
		};
		DC020CD219034DA700A5C34F /* Build configuration list for PBXNativeTarget "METTests" */ = {
			isa = XCConfigurationList;
			buildConfigurations = (
				DC020CD319034DA700A5C34F /* Debug */,
				DC020CD419034DA700A5C34F /* Release */,
			);
			defaultConfigurationIsVisible = 0;
		};
/* End XCConfigurationList section */
	};
	rootObject = DC020C9619034DA700A5C34F /* Project object */;
}
